// !$*UTF8*$!
{
	archiveVersion = 1;
	classes = {
	};
	objectVersion = 56;
	objects = {

/* Begin PBXBuildFile section */
		4C261DFC2AC5BFCE00CCED4E /* AppDelegate.swift in Sources */ = {isa = PBXBuildFile; fileRef = 4C261DFB2AC5BFCE00CCED4E /* AppDelegate.swift */; };
		4C261DFE2AC5BFCE00CCED4E /* SceneDelegate.swift in Sources */ = {isa = PBXBuildFile; fileRef = 4C261DFD2AC5BFCE00CCED4E /* SceneDelegate.swift */; };
		4C261E002AC5BFCE00CCED4E /* ViewController.swift in Sources */ = {isa = PBXBuildFile; fileRef = 4C261DFF2AC5BFCE00CCED4E /* ViewController.swift */; };
		4C261E032AC5BFCE00CCED4E /* Main.storyboard in Resources */ = {isa = PBXBuildFile; fileRef = 4C261E012AC5BFCE00CCED4E /* Main.storyboard */; };
		4C261E062AC5BFCE00CCED4E /* view_controller_fun.xcdatamodeld in Sources */ = {isa = PBXBuildFile; fileRef = 4C261E042AC5BFCE00CCED4E /* view_controller_fun.xcdatamodeld */; };
		4C261E082AC5BFD000CCED4E /* Assets.xcassets in Resources */ = {isa = PBXBuildFile; fileRef = 4C261E072AC5BFD000CCED4E /* Assets.xcassets */; };
		4C261E0B2AC5BFD000CCED4E /* LaunchScreen.storyboard in Resources */ = {isa = PBXBuildFile; fileRef = 4C261E092AC5BFD000CCED4E /* LaunchScreen.storyboard */; };
		4C261E162AC5BFD000CCED4E /* view_controller_funTests.swift in Sources */ = {isa = PBXBuildFile; fileRef = 4C261E152AC5BFD000CCED4E /* view_controller_funTests.swift */; };
		4C261E202AC5BFD000CCED4E /* view_controller_funUITests.swift in Sources */ = {isa = PBXBuildFile; fileRef = 4C261E1F2AC5BFD000CCED4E /* view_controller_funUITests.swift */; };
		4C261E222AC5BFD000CCED4E /* view_controller_funUITestsLaunchTests.swift in Sources */ = {isa = PBXBuildFile; fileRef = 4C261E212AC5BFD000CCED4E /* view_controller_funUITestsLaunchTests.swift */; };
		4C261E2F2AC5C35600CCED4E /* ViewControllerStack.swift in Sources */ = {isa = PBXBuildFile; fileRef = 4C261E2E2AC5C35600CCED4E /* ViewControllerStack.swift */; };
		4CEF74AA2AC71815001EB65D /* ViewControllerThird.swift in Sources */ = {isa = PBXBuildFile; fileRef = 4CEF74A92AC71815001EB65D /* ViewControllerThird.swift */; };
/* End PBXBuildFile section */

/* Begin PBXContainerItemProxy section */
		4C261E122AC5BFD000CCED4E /* PBXContainerItemProxy */ = {
			isa = PBXContainerItemProxy;
			containerPortal = 4C261DF02AC5BFCE00CCED4E /* Project object */;
			proxyType = 1;
			remoteGlobalIDString = 4C261DF72AC5BFCE00CCED4E;
			remoteInfo = "view controller fun";
		};
		4C261E1C2AC5BFD000CCED4E /* PBXContainerItemProxy */ = {
			isa = PBXContainerItemProxy;
			containerPortal = 4C261DF02AC5BFCE00CCED4E /* Project object */;
			proxyType = 1;
			remoteGlobalIDString = 4C261DF72AC5BFCE00CCED4E;
			remoteInfo = "view controller fun";
		};
/* End PBXContainerItemProxy section */

/* Begin PBXFileReference section */
		4C261DF82AC5BFCE00CCED4E /* view controller fun.app */ = {isa = PBXFileReference; explicitFileType = wrapper.application; includeInIndex = 0; path = "view controller fun.app"; sourceTree = BUILT_PRODUCTS_DIR; };
		4C261DFB2AC5BFCE00CCED4E /* AppDelegate.swift */ = {isa = PBXFileReference; lastKnownFileType = sourcecode.swift; path = AppDelegate.swift; sourceTree = "<group>"; };
		4C261DFD2AC5BFCE00CCED4E /* SceneDelegate.swift */ = {isa = PBXFileReference; lastKnownFileType = sourcecode.swift; path = SceneDelegate.swift; sourceTree = "<group>"; };
		4C261DFF2AC5BFCE00CCED4E /* ViewController.swift */ = {isa = PBXFileReference; lastKnownFileType = sourcecode.swift; path = ViewController.swift; sourceTree = "<group>"; };
		4C261E022AC5BFCE00CCED4E /* Base */ = {isa = PBXFileReference; lastKnownFileType = file.storyboard; name = Base; path = Base.lproj/Main.storyboard; sourceTree = "<group>"; };
		4C261E052AC5BFCE00CCED4E /* view_controller_fun.xcdatamodel */ = {isa = PBXFileReference; lastKnownFileType = wrapper.xcdatamodel; path = view_controller_fun.xcdatamodel; sourceTree = "<group>"; };
		4C261E072AC5BFD000CCED4E /* Assets.xcassets */ = {isa = PBXFileReference; lastKnownFileType = folder.assetcatalog; path = Assets.xcassets; sourceTree = "<group>"; };
		4C261E0A2AC5BFD000CCED4E /* Base */ = {isa = PBXFileReference; lastKnownFileType = file.storyboard; name = Base; path = Base.lproj/LaunchScreen.storyboard; sourceTree = "<group>"; };
		4C261E0C2AC5BFD000CCED4E /* Info.plist */ = {isa = PBXFileReference; lastKnownFileType = text.plist.xml; path = Info.plist; sourceTree = "<group>"; };
		4C261E112AC5BFD000CCED4E /* view controller funTests.xctest */ = {isa = PBXFileReference; explicitFileType = wrapper.cfbundle; includeInIndex = 0; path = "view controller funTests.xctest"; sourceTree = BUILT_PRODUCTS_DIR; };
		4C261E152AC5BFD000CCED4E /* view_controller_funTests.swift */ = {isa = PBXFileReference; lastKnownFileType = sourcecode.swift; path = view_controller_funTests.swift; sourceTree = "<group>"; };
		4C261E1B2AC5BFD000CCED4E /* view controller funUITests.xctest */ = {isa = PBXFileReference; explicitFileType = wrapper.cfbundle; includeInIndex = 0; path = "view controller funUITests.xctest"; sourceTree = BUILT_PRODUCTS_DIR; };
		4C261E1F2AC5BFD000CCED4E /* view_controller_funUITests.swift */ = {isa = PBXFileReference; lastKnownFileType = sourcecode.swift; path = view_controller_funUITests.swift; sourceTree = "<group>"; };
		4C261E212AC5BFD000CCED4E /* view_controller_funUITestsLaunchTests.swift */ = {isa = PBXFileReference; lastKnownFileType = sourcecode.swift; path = view_controller_funUITestsLaunchTests.swift; sourceTree = "<group>"; };
		4C261E2E2AC5C35600CCED4E /* ViewControllerStack.swift */ = {isa = PBXFileReference; lastKnownFileType = sourcecode.swift; path = ViewControllerStack.swift; sourceTree = "<group>"; };
		4CEF74A92AC71815001EB65D /* ViewControllerThird.swift */ = {isa = PBXFileReference; lastKnownFileType = sourcecode.swift; path = ViewControllerThird.swift; sourceTree = "<group>"; };
/* End PBXFileReference section */

/* Begin PBXFrameworksBuildPhase section */
		4C261DF52AC5BFCE00CCED4E /* Frameworks */ = {
			isa = PBXFrameworksBuildPhase;
			buildActionMask = 2147483647;
			files = (
			);
			runOnlyForDeploymentPostprocessing = 0;
		};
		4C261E0E2AC5BFD000CCED4E /* Frameworks */ = {
			isa = PBXFrameworksBuildPhase;
			buildActionMask = 2147483647;
			files = (
			);
			runOnlyForDeploymentPostprocessing = 0;
		};
		4C261E182AC5BFD000CCED4E /* Frameworks */ = {
			isa = PBXFrameworksBuildPhase;
			buildActionMask = 2147483647;
			files = (
			);
			runOnlyForDeploymentPostprocessing = 0;
		};
/* End PBXFrameworksBuildPhase section */

/* Begin PBXGroup section */
		4C261DEF2AC5BFCE00CCED4E = {
			isa = PBXGroup;
			children = (
				4C261DFA2AC5BFCE00CCED4E /* view controller fun */,
				4C261E142AC5BFD000CCED4E /* view controller funTests */,
				4C261E1E2AC5BFD000CCED4E /* view controller funUITests */,
				4C261DF92AC5BFCE00CCED4E /* Products */,
			);
			sourceTree = "<group>";
		};
		4C261DF92AC5BFCE00CCED4E /* Products */ = {
			isa = PBXGroup;
			children = (
				4C261DF82AC5BFCE00CCED4E /* view controller fun.app */,
				4C261E112AC5BFD000CCED4E /* view controller funTests.xctest */,
				4C261E1B2AC5BFD000CCED4E /* view controller funUITests.xctest */,
			);
			name = Products;
			sourceTree = "<group>";
		};
		4C261DFA2AC5BFCE00CCED4E /* view controller fun */ = {
			isa = PBXGroup;
			children = (
				4C261DFB2AC5BFCE00CCED4E /* AppDelegate.swift */,
				4C261DFD2AC5BFCE00CCED4E /* SceneDelegate.swift */,
				4CEF74A92AC71815001EB65D /* ViewControllerThird.swift */,
				4C261E2E2AC5C35600CCED4E /* ViewControllerStack.swift */,
				4C261DFF2AC5BFCE00CCED4E /* ViewController.swift */,
				4C261E012AC5BFCE00CCED4E /* Main.storyboard */,
				4C261E072AC5BFD000CCED4E /* Assets.xcassets */,
				4C261E092AC5BFD000CCED4E /* LaunchScreen.storyboard */,
				4C261E0C2AC5BFD000CCED4E /* Info.plist */,
				4C261E042AC5BFCE00CCED4E /* view_controller_fun.xcdatamodeld */,
			);
			path = "view controller fun";
			sourceTree = "<group>";
		};
		4C261E142AC5BFD000CCED4E /* view controller funTests */ = {
			isa = PBXGroup;
			children = (
				4C261E152AC5BFD000CCED4E /* view_controller_funTests.swift */,
			);
			path = "view controller funTests";
			sourceTree = "<group>";
		};
		4C261E1E2AC5BFD000CCED4E /* view controller funUITests */ = {
			isa = PBXGroup;
			children = (
				4C261E1F2AC5BFD000CCED4E /* view_controller_funUITests.swift */,
				4C261E212AC5BFD000CCED4E /* view_controller_funUITestsLaunchTests.swift */,
			);
			path = "view controller funUITests";
			sourceTree = "<group>";
		};
/* End PBXGroup section */

/* Begin PBXNativeTarget section */
		4C261DF72AC5BFCE00CCED4E /* view controller fun */ = {
			isa = PBXNativeTarget;
			buildConfigurationList = 4C261E252AC5BFD000CCED4E /* Build configuration list for PBXNativeTarget "view controller fun" */;
			buildPhases = (
				4C261DF42AC5BFCE00CCED4E /* Sources */,
				4C261DF52AC5BFCE00CCED4E /* Frameworks */,
				4C261DF62AC5BFCE00CCED4E /* Resources */,
			);
			buildRules = (
			);
			dependencies = (
			);
			name = "view controller fun";
			productName = "view controller fun";
			productReference = 4C261DF82AC5BFCE00CCED4E /* view controller fun.app */;
			productType = "com.apple.product-type.application";
		};
		4C261E102AC5BFD000CCED4E /* view controller funTests */ = {
			isa = PBXNativeTarget;
			buildConfigurationList = 4C261E282AC5BFD000CCED4E /* Build configuration list for PBXNativeTarget "view controller funTests" */;
			buildPhases = (
				4C261E0D2AC5BFD000CCED4E /* Sources */,
				4C261E0E2AC5BFD000CCED4E /* Frameworks */,
				4C261E0F2AC5BFD000CCED4E /* Resources */,
			);
			buildRules = (
			);
			dependencies = (
				4C261E132AC5BFD000CCED4E /* PBXTargetDependency */,
			);
			name = "view controller funTests";
			productName = "view controller funTests";
			productReference = 4C261E112AC5BFD000CCED4E /* view controller funTests.xctest */;
			productType = "com.apple.product-type.bundle.unit-test";
		};
		4C261E1A2AC5BFD000CCED4E /* view controller funUITests */ = {
			isa = PBXNativeTarget;
			buildConfigurationList = 4C261E2B2AC5BFD000CCED4E /* Build configuration list for PBXNativeTarget "view controller funUITests" */;
			buildPhases = (
				4C261E172AC5BFD000CCED4E /* Sources */,
				4C261E182AC5BFD000CCED4E /* Frameworks */,
				4C261E192AC5BFD000CCED4E /* Resources */,
			);
			buildRules = (
			);
			dependencies = (
				4C261E1D2AC5BFD000CCED4E /* PBXTargetDependency */,
			);
			name = "view controller funUITests";
			productName = "view controller funUITests";
			productReference = 4C261E1B2AC5BFD000CCED4E /* view controller funUITests.xctest */;
			productType = "com.apple.product-type.bundle.ui-testing";
		};
/* End PBXNativeTarget section */

/* Begin PBXProject section */
		4C261DF02AC5BFCE00CCED4E /* Project object */ = {
			isa = PBXProject;
			attributes = {
				BuildIndependentTargetsInParallel = 1;
				LastSwiftUpdateCheck = 1430;
				LastUpgradeCheck = 1430;
				TargetAttributes = {
					4C261DF72AC5BFCE00CCED4E = {
						CreatedOnToolsVersion = 14.3.1;
					};
					4C261E102AC5BFD000CCED4E = {
						CreatedOnToolsVersion = 14.3.1;
						TestTargetID = 4C261DF72AC5BFCE00CCED4E;
					};
					4C261E1A2AC5BFD000CCED4E = {
						CreatedOnToolsVersion = 14.3.1;
						TestTargetID = 4C261DF72AC5BFCE00CCED4E;
					};
				};
			};
			buildConfigurationList = 4C261DF32AC5BFCE00CCED4E /* Build configuration list for PBXProject "view controller fun" */;
			compatibilityVersion = "Xcode 14.0";
			developmentRegion = en;
			hasScannedForEncodings = 0;
			knownRegions = (
				en,
				Base,
			);
			mainGroup = 4C261DEF2AC5BFCE00CCED4E;
			productRefGroup = 4C261DF92AC5BFCE00CCED4E /* Products */;
			projectDirPath = "";
			projectRoot = "";
			targets = (
				4C261DF72AC5BFCE00CCED4E /* view controller fun */,
				4C261E102AC5BFD000CCED4E /* view controller funTests */,
				4C261E1A2AC5BFD000CCED4E /* view controller funUITests */,
			);
		};
/* End PBXProject section */

/* Begin PBXResourcesBuildPhase section */
		4C261DF62AC5BFCE00CCED4E /* Resources */ = {
			isa = PBXResourcesBuildPhase;
			buildActionMask = 2147483647;
			files = (
				4C261E0B2AC5BFD000CCED4E /* LaunchScreen.storyboard in Resources */,
				4C261E082AC5BFD000CCED4E /* Assets.xcassets in Resources */,
				4C261E032AC5BFCE00CCED4E /* Main.storyboard in Resources */,
			);
			runOnlyForDeploymentPostprocessing = 0;
		};
		4C261E0F2AC5BFD000CCED4E /* Resources */ = {
			isa = PBXResourcesBuildPhase;
			buildActionMask = 2147483647;
			files = (
			);
			runOnlyForDeploymentPostprocessing = 0;
		};
		4C261E192AC5BFD000CCED4E /* Resources */ = {
			isa = PBXResourcesBuildPhase;
			buildActionMask = 2147483647;
			files = (
			);
			runOnlyForDeploymentPostprocessing = 0;
		};
/* End PBXResourcesBuildPhase section */

/* Begin PBXSourcesBuildPhase section */
		4C261DF42AC5BFCE00CCED4E /* Sources */ = {
			isa = PBXSourcesBuildPhase;
			buildActionMask = 2147483647;
			files = (
				4C261E062AC5BFCE00CCED4E /* view_controller_fun.xcdatamodeld in Sources */,
				4C261E002AC5BFCE00CCED4E /* ViewController.swift in Sources */,
				4CEF74AA2AC71815001EB65D /* ViewControllerThird.swift in Sources */,
				4C261DFC2AC5BFCE00CCED4E /* AppDelegate.swift in Sources */,
				4C261DFE2AC5BFCE00CCED4E /* SceneDelegate.swift in Sources */,
				4C261E2F2AC5C35600CCED4E /* ViewControllerStack.swift in Sources */,
			);
			runOnlyForDeploymentPostprocessing = 0;
		};
		4C261E0D2AC5BFD000CCED4E /* Sources */ = {
			isa = PBXSourcesBuildPhase;
			buildActionMask = 2147483647;
			files = (
				4C261E162AC5BFD000CCED4E /* view_controller_funTests.swift in Sources */,
			);
			runOnlyForDeploymentPostprocessing = 0;
		};
		4C261E172AC5BFD000CCED4E /* Sources */ = {
			isa = PBXSourcesBuildPhase;
			buildActionMask = 2147483647;
			files = (
				4C261E202AC5BFD000CCED4E /* view_controller_funUITests.swift in Sources */,
				4C261E222AC5BFD000CCED4E /* view_controller_funUITestsLaunchTests.swift in Sources */,
			);
			runOnlyForDeploymentPostprocessing = 0;
		};
/* End PBXSourcesBuildPhase section */

/* Begin PBXTargetDependency section */
		4C261E132AC5BFD000CCED4E /* PBXTargetDependency */ = {
			isa = PBXTargetDependency;
			target = 4C261DF72AC5BFCE00CCED4E /* view controller fun */;
			targetProxy = 4C261E122AC5BFD000CCED4E /* PBXContainerItemProxy */;
		};
		4C261E1D2AC5BFD000CCED4E /* PBXTargetDependency */ = {
			isa = PBXTargetDependency;
			target = 4C261DF72AC5BFCE00CCED4E /* view controller fun */;
			targetProxy = 4C261E1C2AC5BFD000CCED4E /* PBXContainerItemProxy */;
		};
/* End PBXTargetDependency section */

/* Begin PBXVariantGroup section */
		4C261E012AC5BFCE00CCED4E /* Main.storyboard */ = {
			isa = PBXVariantGroup;
			children = (
				4C261E022AC5BFCE00CCED4E /* Base */,
			);
			name = Main.storyboard;
			sourceTree = "<group>";
		};
		4C261E092AC5BFD000CCED4E /* LaunchScreen.storyboard */ = {
			isa = PBXVariantGroup;
			children = (
				4C261E0A2AC5BFD000CCED4E /* Base */,
			);
			name = LaunchScreen.storyboard;
			sourceTree = "<group>";
		};
/* End PBXVariantGroup section */

/* Begin XCBuildConfiguration section */
		4C261E232AC5BFD000CCED4E /* Debug */ = {
			isa = XCBuildConfiguration;
			buildSettings = {
				ALWAYS_SEARCH_USER_PATHS = NO;
				CLANG_ANALYZER_NONNULL = YES;
				CLANG_ANALYZER_NUMBER_OBJECT_CONVERSION = YES_AGGRESSIVE;
				CLANG_CXX_LANGUAGE_STANDARD = "gnu++20";
				CLANG_ENABLE_MODULES = YES;
				CLANG_ENABLE_OBJC_ARC = YES;
				CLANG_ENABLE_OBJC_WEAK = YES;
				CLANG_WARN_BLOCK_CAPTURE_AUTORELEASING = YES;
				CLANG_WARN_BOOL_CONVERSION = YES;
				CLANG_WARN_COMMA = YES;
				CLANG_WARN_CONSTANT_CONVERSION = YES;
				CLANG_WARN_DEPRECATED_OBJC_IMPLEMENTATIONS = YES;
				CLANG_WARN_DIRECT_OBJC_ISA_USAGE = YES_ERROR;
				CLANG_WARN_DOCUMENTATION_COMMENTS = YES;
				CLANG_WARN_EMPTY_BODY = YES;
				CLANG_WARN_ENUM_CONVERSION = YES;
				CLANG_WARN_INFINITE_RECURSION = YES;
				CLANG_WARN_INT_CONVERSION = YES;
				CLANG_WARN_NON_LITERAL_NULL_CONVERSION = YES;
				CLANG_WARN_OBJC_IMPLICIT_RETAIN_SELF = YES;
				CLANG_WARN_OBJC_LITERAL_CONVERSION = YES;
				CLANG_WARN_OBJC_ROOT_CLASS = YES_ERROR;
				CLANG_WARN_QUOTED_INCLUDE_IN_FRAMEWORK_HEADER = YES;
				CLANG_WARN_RANGE_LOOP_ANALYSIS = YES;
				CLANG_WARN_STRICT_PROTOTYPES = YES;
				CLANG_WARN_SUSPICIOUS_MOVE = YES;
				CLANG_WARN_UNGUARDED_AVAILABILITY = YES_AGGRESSIVE;
				CLANG_WARN_UNREACHABLE_CODE = YES;
				CLANG_WARN__DUPLICATE_METHOD_MATCH = YES;
				COPY_PHASE_STRIP = NO;
				DEBUG_INFORMATION_FORMAT = dwarf;
				ENABLE_STRICT_OBJC_MSGSEND = YES;
				ENABLE_TESTABILITY = YES;
				GCC_C_LANGUAGE_STANDARD = gnu11;
				GCC_DYNAMIC_NO_PIC = NO;
				GCC_NO_COMMON_BLOCKS = YES;
				GCC_OPTIMIZATION_LEVEL = 0;
				GCC_PREPROCESSOR_DEFINITIONS = (
					"DEBUG=1",
					"$(inherited)",
				);
				GCC_WARN_64_TO_32_BIT_CONVERSION = YES;
				GCC_WARN_ABOUT_RETURN_TYPE = YES_ERROR;
				GCC_WARN_UNDECLARED_SELECTOR = YES;
				GCC_WARN_UNINITIALIZED_AUTOS = YES_AGGRESSIVE;
				GCC_WARN_UNUSED_FUNCTION = YES;
				GCC_WARN_UNUSED_VARIABLE = YES;
				IPHONEOS_DEPLOYMENT_TARGET = 16.4;
				MTL_ENABLE_DEBUG_INFO = INCLUDE_SOURCE;
				MTL_FAST_MATH = YES;
				ONLY_ACTIVE_ARCH = YES;
				SDKROOT = iphoneos;
				SWIFT_ACTIVE_COMPILATION_CONDITIONS = DEBUG;
				SWIFT_OPTIMIZATION_LEVEL = "-Onone";
			};
			name = Debug;
		};
		4C261E242AC5BFD000CCED4E /* Release */ = {
			isa = XCBuildConfiguration;
			buildSettings = {
				ALWAYS_SEARCH_USER_PATHS = NO;
				CLANG_ANALYZER_NONNULL = YES;
				CLANG_ANALYZER_NUMBER_OBJECT_CONVERSION = YES_AGGRESSIVE;
				CLANG_CXX_LANGUAGE_STANDARD = "gnu++20";
				CLANG_ENABLE_MODULES = YES;
				CLANG_ENABLE_OBJC_ARC = YES;
				CLANG_ENABLE_OBJC_WEAK = YES;
				CLANG_WARN_BLOCK_CAPTURE_AUTORELEASING = YES;
				CLANG_WARN_BOOL_CONVERSION = YES;
				CLANG_WARN_COMMA = YES;
				CLANG_WARN_CONSTANT_CONVERSION = YES;
				CLANG_WARN_DEPRECATED_OBJC_IMPLEMENTATIONS = YES;
				CLANG_WARN_DIRECT_OBJC_ISA_USAGE = YES_ERROR;
				CLANG_WARN_DOCUMENTATION_COMMENTS = YES;
				CLANG_WARN_EMPTY_BODY = YES;
				CLANG_WARN_ENUM_CONVERSION = YES;
				CLANG_WARN_INFINITE_RECURSION = YES;
				CLANG_WARN_INT_CONVERSION = YES;
				CLANG_WARN_NON_LITERAL_NULL_CONVERSION = YES;
				CLANG_WARN_OBJC_IMPLICIT_RETAIN_SELF = YES;
				CLANG_WARN_OBJC_LITERAL_CONVERSION = YES;
				CLANG_WARN_OBJC_ROOT_CLASS = YES_ERROR;
				CLANG_WARN_QUOTED_INCLUDE_IN_FRAMEWORK_HEADER = YES;
				CLANG_WARN_RANGE_LOOP_ANALYSIS = YES;
				CLANG_WARN_STRICT_PROTOTYPES = YES;
				CLANG_WARN_SUSPICIOUS_MOVE = YES;
				CLANG_WARN_UNGUARDED_AVAILABILITY = YES_AGGRESSIVE;
				CLANG_WARN_UNREACHABLE_CODE = YES;
				CLANG_WARN__DUPLICATE_METHOD_MATCH = YES;
				COPY_PHASE_STRIP = NO;
				DEBUG_INFORMATION_FORMAT = "dwarf-with-dsym";
				ENABLE_NS_ASSERTIONS = NO;
				ENABLE_STRICT_OBJC_MSGSEND = YES;
				GCC_C_LANGUAGE_STANDARD = gnu11;
				GCC_NO_COMMON_BLOCKS = YES;
				GCC_WARN_64_TO_32_BIT_CONVERSION = YES;
				GCC_WARN_ABOUT_RETURN_TYPE = YES_ERROR;
				GCC_WARN_UNDECLARED_SELECTOR = YES;
				GCC_WARN_UNINITIALIZED_AUTOS = YES_AGGRESSIVE;
				GCC_WARN_UNUSED_FUNCTION = YES;
				GCC_WARN_UNUSED_VARIABLE = YES;
				IPHONEOS_DEPLOYMENT_TARGET = 16.4;
				MTL_ENABLE_DEBUG_INFO = NO;
				MTL_FAST_MATH = YES;
				SDKROOT = iphoneos;
				SWIFT_COMPILATION_MODE = wholemodule;
				SWIFT_OPTIMIZATION_LEVEL = "-O";
				VALIDATE_PRODUCT = YES;
			};
			name = Release;
		};
		4C261E262AC5BFD000CCED4E /* Debug */ = {
			isa = XCBuildConfiguration;
			buildSettings = {
				ASSETCATALOG_COMPILER_APPICON_NAME = AppIcon;
				ASSETCATALOG_COMPILER_GLOBAL_ACCENT_COLOR_NAME = AccentColor;
				CODE_SIGN_STYLE = Automatic;
				CURRENT_PROJECT_VERSION = 1;
				DEVELOPMENT_TEAM = 35JGHH6ZTT;
				GENERATE_INFOPLIST_FILE = YES;
				INFOPLIST_FILE = "view controller fun/Info.plist";
				INFOPLIST_KEY_UIApplicationSupportsIndirectInputEvents = YES;
				INFOPLIST_KEY_UILaunchStoryboardName = LaunchScreen;
				INFOPLIST_KEY_UIMainStoryboardFile = Main;
				INFOPLIST_KEY_UISupportedInterfaceOrientations_iPad = "UIInterfaceOrientationPortrait UIInterfaceOrientationPortraitUpsideDown UIInterfaceOrientationLandscapeLeft UIInterfaceOrientationLandscapeRight";
				INFOPLIST_KEY_UISupportedInterfaceOrientations_iPhone = "UIInterfaceOrientationPortrait UIInterfaceOrientationLandscapeLeft UIInterfaceOrientationLandscapeRight";
				LD_RUNPATH_SEARCH_PATHS = (
					"$(inherited)",
					"@executable_path/Frameworks",
				);
				MARKETING_VERSION = 1.0;
				PRODUCT_BUNDLE_IDENTIFIER = "clc.view-controller-fun";
				PRODUCT_NAME = "$(TARGET_NAME)";
				SWIFT_EMIT_LOC_STRINGS = YES;
				SWIFT_VERSION = 5.0;
				TARGETED_DEVICE_FAMILY = "1,2";
			};
			name = Debug;
		};
		4C261E272AC5BFD000CCED4E /* Release */ = {
			isa = XCBuildConfiguration;
			buildSettings = {
				ASSETCATALOG_COMPILER_APPICON_NAME = AppIcon;
				ASSETCATALOG_COMPILER_GLOBAL_ACCENT_COLOR_NAME = AccentColor;
				CODE_SIGN_STYLE = Automatic;
				CURRENT_PROJECT_VERSION = 1;
				DEVELOPMENT_TEAM = 35JGHH6ZTT;
				GENERATE_INFOPLIST_FILE = YES;
				INFOPLIST_FILE = "view controller fun/Info.plist";
				INFOPLIST_KEY_UIApplicationSupportsIndirectInputEvents = YES;
				INFOPLIST_KEY_UILaunchStoryboardName = LaunchScreen;
				INFOPLIST_KEY_UIMainStoryboardFile = Main;
				INFOPLIST_KEY_UISupportedInterfaceOrientations_iPad = "UIInterfaceOrientationPortrait UIInterfaceOrientationPortraitUpsideDown UIInterfaceOrientationLandscapeLeft UIInterfaceOrientationLandscapeRight";
				INFOPLIST_KEY_UISupportedInterfaceOrientations_iPhone = "UIInterfaceOrientationPortrait UIInterfaceOrientationLandscapeLeft UIInterfaceOrientationLandscapeRight";
				LD_RUNPATH_SEARCH_PATHS = (
					"$(inherited)",
					"@executable_path/Frameworks",
				);
				MARKETING_VERSION = 1.0;
				PRODUCT_BUNDLE_IDENTIFIER = "clc.view-controller-fun";
				PRODUCT_NAME = "$(TARGET_NAME)";
				SWIFT_EMIT_LOC_STRINGS = YES;
				SWIFT_VERSION = 5.0;
				TARGETED_DEVICE_FAMILY = "1,2";
			};
			name = Release;
		};
		4C261E292AC5BFD000CCED4E /* Debug */ = {
			isa = XCBuildConfiguration;
			buildSettings = {
				ALWAYS_EMBED_SWIFT_STANDARD_LIBRARIES = YES;
				BUNDLE_LOADER = "$(TEST_HOST)";
				CODE_SIGN_STYLE = Automatic;
				CURRENT_PROJECT_VERSION = 1;
				DEVELOPMENT_TEAM = 35JGHH6ZTT;
				GENERATE_INFOPLIST_FILE = YES;
				IPHONEOS_DEPLOYMENT_TARGET = 16.4;
				MARKETING_VERSION = 1.0;
				PRODUCT_BUNDLE_IDENTIFIER = "clc.view-controller-funTests";
				PRODUCT_NAME = "$(TARGET_NAME)";
				SWIFT_EMIT_LOC_STRINGS = NO;
				SWIFT_VERSION = 5.0;
				TARGETED_DEVICE_FAMILY = "1,2";
				TEST_HOST = "$(BUILT_PRODUCTS_DIR)/view controller fun.app/$(BUNDLE_EXECUTABLE_FOLDER_PATH)/view controller fun";
			};
			name = Debug;
		};
		4C261E2A2AC5BFD000CCED4E /* Release */ = {
			isa = XCBuildConfiguration;
			buildSettings = {
				ALWAYS_EMBED_SWIFT_STANDARD_LIBRARIES = YES;
				BUNDLE_LOADER = "$(TEST_HOST)";
				CODE_SIGN_STYLE = Automatic;
				CURRENT_PROJECT_VERSION = 1;
				DEVELOPMENT_TEAM = 35JGHH6ZTT;
				GENERATE_INFOPLIST_FILE = YES;
				IPHONEOS_DEPLOYMENT_TARGET = 16.4;
				MARKETING_VERSION = 1.0;
				PRODUCT_BUNDLE_IDENTIFIER = "clc.view-controller-funTests";
				PRODUCT_NAME = "$(TARGET_NAME)";
				SWIFT_EMIT_LOC_STRINGS = NO;
				SWIFT_VERSION = 5.0;
				TARGETED_DEVICE_FAMILY = "1,2";
				TEST_HOST = "$(BUILT_PRODUCTS_DIR)/view controller fun.app/$(BUNDLE_EXECUTABLE_FOLDER_PATH)/view controller fun";
			};
			name = Release;
		};
		4C261E2C2AC5BFD000CCED4E /* Debug */ = {
			isa = XCBuildConfiguration;
			buildSettings = {
				ALWAYS_EMBED_SWIFT_STANDARD_LIBRARIES = YES;
				CODE_SIGN_STYLE = Automatic;
				CURRENT_PROJECT_VERSION = 1;
				DEVELOPMENT_TEAM = 35JGHH6ZTT;
				GENERATE_INFOPLIST_FILE = YES;
				MARKETING_VERSION = 1.0;
				PRODUCT_BUNDLE_IDENTIFIER = "clc.view-controller-funUITests";
				PRODUCT_NAME = "$(TARGET_NAME)";
				SWIFT_EMIT_LOC_STRINGS = NO;
				SWIFT_VERSION = 5.0;
				TARGETED_DEVICE_FAMILY = "1,2";
				TEST_TARGET_NAME = "view controller fun";
			};
			name = Debug;
		};
		4C261E2D2AC5BFD000CCED4E /* Release */ = {
			isa = XCBuildConfiguration;
			buildSettings = {
				ALWAYS_EMBED_SWIFT_STANDARD_LIBRARIES = YES;
				CODE_SIGN_STYLE = Automatic;
				CURRENT_PROJECT_VERSION = 1;
				DEVELOPMENT_TEAM = 35JGHH6ZTT;
				GENERATE_INFOPLIST_FILE = YES;
				MARKETING_VERSION = 1.0;
				PRODUCT_BUNDLE_IDENTIFIER = "clc.view-controller-funUITests";
				PRODUCT_NAME = "$(TARGET_NAME)";
				SWIFT_EMIT_LOC_STRINGS = NO;
				SWIFT_VERSION = 5.0;
				TARGETED_DEVICE_FAMILY = "1,2";
				TEST_TARGET_NAME = "view controller fun";
			};
			name = Release;
		};
/* End XCBuildConfiguration section */

/* Begin XCConfigurationList section */
		4C261DF32AC5BFCE00CCED4E /* Build configuration list for PBXProject "view controller fun" */ = {
			isa = XCConfigurationList;
			buildConfigurations = (
				4C261E232AC5BFD000CCED4E /* Debug */,
				4C261E242AC5BFD000CCED4E /* Release */,
			);
			defaultConfigurationIsVisible = 0;
			defaultConfigurationName = Release;
		};
		4C261E252AC5BFD000CCED4E /* Build configuration list for PBXNativeTarget "view controller fun" */ = {
			isa = XCConfigurationList;
			buildConfigurations = (
				4C261E262AC5BFD000CCED4E /* Debug */,
				4C261E272AC5BFD000CCED4E /* Release */,
			);
			defaultConfigurationIsVisible = 0;
			defaultConfigurationName = Release;
		};
		4C261E282AC5BFD000CCED4E /* Build configuration list for PBXNativeTarget "view controller funTests" */ = {
			isa = XCConfigurationList;
			buildConfigurations = (
				4C261E292AC5BFD000CCED4E /* Debug */,
				4C261E2A2AC5BFD000CCED4E /* Release */,
			);
			defaultConfigurationIsVisible = 0;
			defaultConfigurationName = Release;
		};
		4C261E2B2AC5BFD000CCED4E /* Build configuration list for PBXNativeTarget "view controller funUITests" */ = {
			isa = XCConfigurationList;
			buildConfigurations = (
				4C261E2C2AC5BFD000CCED4E /* Debug */,
				4C261E2D2AC5BFD000CCED4E /* Release */,
			);
			defaultConfigurationIsVisible = 0;
			defaultConfigurationName = Release;
		};
/* End XCConfigurationList section */

/* Begin XCVersionGroup section */
		4C261E042AC5BFCE00CCED4E /* view_controller_fun.xcdatamodeld */ = {
			isa = XCVersionGroup;
			children = (
				4C261E052AC5BFCE00CCED4E /* view_controller_fun.xcdatamodel */,
			);
			currentVersion = 4C261E052AC5BFCE00CCED4E /* view_controller_fun.xcdatamodel */;
			path = view_controller_fun.xcdatamodeld;
			sourceTree = "<group>";
			versionGroupType = wrapper.xcdatamodel;
		};
/* End XCVersionGroup section */
	};
	rootObject = 4C261DF02AC5BFCE00CCED4E /* Project object */;
}
